// !$*UTF8*$!
{
	archiveVersion = 1;
	classes = {
	};
	objectVersion = 46;
	objects = {

/* Begin PBXBuildFile section */
		816F90531F1E334A0055D408 /* AppDelegate.swift in Sources */ = {isa = PBXBuildFile; fileRef = 816F90521F1E334A0055D408 /* AppDelegate.swift */; };
		816F90551F1E334A0055D408 /* ViewController.swift in Sources */ = {isa = PBXBuildFile; fileRef = 816F90541F1E334A0055D408 /* ViewController.swift */; };
		816F90581F1E334A0055D408 /* Main.storyboard in Resources */ = {isa = PBXBuildFile; fileRef = 816F90561F1E334A0055D408 /* Main.storyboard */; };
		816F905A1F1E334A0055D408 /* Assets.xcassets in Resources */ = {isa = PBXBuildFile; fileRef = 816F90591F1E334A0055D408 /* Assets.xcassets */; };
		816F905D1F1E334A0055D408 /* LaunchScreen.storyboard in Resources */ = {isa = PBXBuildFile; fileRef = 816F905B1F1E334A0055D408 /* LaunchScreen.storyboard */; };
		816F90671F1E338D0055D408 /* DropDown.xib in Resources */ = {isa = PBXBuildFile; fileRef = 816F90651F1E338D0055D408 /* DropDown.xib */; };
		816F90681F1E338D0055D408 /* DropDown.swift in Sources */ = {isa = PBXBuildFile; fileRef = 816F90661F1E338D0055D408 /* DropDown.swift */; };
		816F906A1F1E33B70055D408 /* arrow.png in Resources */ = {isa = PBXBuildFile; fileRef = 816F90691F1E33B70055D408 /* arrow.png */; };
/* End PBXBuildFile section */

/* Begin PBXFileReference section */
		816F904F1F1E334A0055D408 /* DropDown-Chtar.app */ = {isa = PBXFileReference; explicitFileType = wrapper.application; includeInIndex = 0; path = "DropDown-Chtar.app"; sourceTree = BUILT_PRODUCTS_DIR; };
		816F90521F1E334A0055D408 /* AppDelegate.swift */ = {isa = PBXFileReference; lastKnownFileType = sourcecode.swift; path = AppDelegate.swift; sourceTree = "<group>"; };
		816F90541F1E334A0055D408 /* ViewController.swift */ = {isa = PBXFileReference; lastKnownFileType = sourcecode.swift; path = ViewController.swift; sourceTree = "<group>"; };
		816F90571F1E334A0055D408 /* Base */ = {isa = PBXFileReference; lastKnownFileType = file.storyboard; name = Base; path = Base.lproj/Main.storyboard; sourceTree = "<group>"; };
		816F90591F1E334A0055D408 /* Assets.xcassets */ = {isa = PBXFileReference; lastKnownFileType = folder.assetcatalog; path = Assets.xcassets; sourceTree = "<group>"; };
		816F905C1F1E334A0055D408 /* Base */ = {isa = PBXFileReference; lastKnownFileType = file.storyboard; name = Base; path = Base.lproj/LaunchScreen.storyboard; sourceTree = "<group>"; };
		816F905E1F1E334A0055D408 /* Info.plist */ = {isa = PBXFileReference; lastKnownFileType = text.plist.xml; path = Info.plist; sourceTree = "<group>"; };
		816F90651F1E338D0055D408 /* DropDown.xib */ = {isa = PBXFileReference; fileEncoding = 4; lastKnownFileType = file.xib; path = DropDown.xib; sourceTree = "<group>"; };
		816F90661F1E338D0055D408 /* DropDown.swift */ = {isa = PBXFileReference; fileEncoding = 4; lastKnownFileType = sourcecode.swift; path = DropDown.swift; sourceTree = "<group>"; };
		816F90691F1E33B70055D408 /* arrow.png */ = {isa = PBXFileReference; lastKnownFileType = image.png; path = arrow.png; sourceTree = "<group>"; };
/* End PBXFileReference section */

/* Begin PBXFrameworksBuildPhase section */
		816F904C1F1E334A0055D408 /* Frameworks */ = {
			isa = PBXFrameworksBuildPhase;
			buildActionMask = 2147483647;
			files = (
			);
			runOnlyForDeploymentPostprocessing = 0;
		};
/* End PBXFrameworksBuildPhase section */

/* Begin PBXGroup section */
		816F90461F1E334A0055D408 = {
			isa = PBXGroup;
			children = (
				816F90641F1E335B0055D408 /* DropDown-Component */,
				816F90511F1E334A0055D408 /* DropDown-Chtar */,
				816F90501F1E334A0055D408 /* Products */,
			);
			sourceTree = "<group>";
		};
		816F90501F1E334A0055D408 /* Products */ = {
			isa = PBXGroup;
			children = (
				816F904F1F1E334A0055D408 /* DropDown-Chtar.app */,
			);
			name = Products;
			sourceTree = "<group>";
		};
		816F90511F1E334A0055D408 /* DropDown-Chtar */ = {
			isa = PBXGroup;
			children = (
				816F90521F1E334A0055D408 /* AppDelegate.swift */,
				816F90541F1E334A0055D408 /* ViewController.swift */,
				816F90561F1E334A0055D408 /* Main.storyboard */,
				816F90591F1E334A0055D408 /* Assets.xcassets */,
				816F905B1F1E334A0055D408 /* LaunchScreen.storyboard */,
				816F905E1F1E334A0055D408 /* Info.plist */,
			);
			path = "DropDown-Chtar";
			sourceTree = "<group>";
		};
		816F90641F1E335B0055D408 /* DropDown-Component */ = {
			isa = PBXGroup;
			children = (
				816F90691F1E33B70055D408 /* arrow.png */,
				816F90651F1E338D0055D408 /* DropDown.xib */,
				816F90661F1E338D0055D408 /* DropDown.swift */,
			);
			name = "DropDown-Component";
			sourceTree = "<group>";
		};
/* End PBXGroup section */

/* Begin PBXNativeTarget section */
		816F904E1F1E334A0055D408 /* DropDown-Chtar */ = {
			isa = PBXNativeTarget;
			buildConfigurationList = 816F90611F1E334A0055D408 /* Build configuration list for PBXNativeTarget "DropDown-Chtar" */;
			buildPhases = (
				816F904B1F1E334A0055D408 /* Sources */,
				816F904C1F1E334A0055D408 /* Frameworks */,
				816F904D1F1E334A0055D408 /* Resources */,
			);
			buildRules = (
			);
			dependencies = (
			);
			name = "DropDown-Chtar";
			productName = "DropDown-Chtar";
			productReference = 816F904F1F1E334A0055D408 /* DropDown-Chtar.app */;
			productType = "com.apple.product-type.application";
		};
/* End PBXNativeTarget section */

/* Begin PBXProject section */
		816F90471F1E334A0055D408 /* Project object */ = {
			isa = PBXProject;
			attributes = {
				LastSwiftUpdateCheck = 0820;
				LastUpgradeCheck = 0820;
				ORGANIZATIONNAME = "Ragaie alfy";
				TargetAttributes = {
					816F904E1F1E334A0055D408 = {
						CreatedOnToolsVersion = 8.2;
						DevelopmentTeam = 8Z3K9T9U74;
						ProvisioningStyle = Automatic;
					};
				};
			};
			buildConfigurationList = 816F904A1F1E334A0055D408 /* Build configuration list for PBXProject "DropDown-Chtar" */;
			compatibilityVersion = "Xcode 3.2";
			developmentRegion = English;
			hasScannedForEncodings = 0;
			knownRegions = (
				en,
				Base,
			);
			mainGroup = 816F90461F1E334A0055D408;
			productRefGroup = 816F90501F1E334A0055D408 /* Products */;
			projectDirPath = "";
			projectRoot = "";
			targets = (
				816F904E1F1E334A0055D408 /* DropDown-Chtar */,
			);
		};
/* End PBXProject section */

/* Begin PBXResourcesBuildPhase section */
		816F904D1F1E334A0055D408 /* Resources */ = {
			isa = PBXResourcesBuildPhase;
			buildActionMask = 2147483647;
			files = (
				816F905D1F1E334A0055D408 /* LaunchScreen.storyboard in Resources */,
				816F906A1F1E33B70055D408 /* arrow.png in Resources */,
				816F905A1F1E334A0055D408 /* Assets.xcassets in Resources */,
				816F90671F1E338D0055D408 /* DropDown.xib in Resources */,
				816F90581F1E334A0055D408 /* Main.storyboard in Resources */,
			);
			runOnlyForDeploymentPostprocessing = 0;
		};
/* End PBXResourcesBuildPhase section */

/* Begin PBXSourcesBuildPhase section */
		816F904B1F1E334A0055D408 /* Sources */ = {
			isa = PBXSourcesBuildPhase;
			buildActionMask = 2147483647;
			files = (
				816F90551F1E334A0055D408 /* ViewController.swift in Sources */,
				816F90531F1E334A0055D408 /* AppDelegate.swift in Sources */,
				816F90681F1E338D0055D408 /* DropDown.swift in Sources */,
			);
			runOnlyForDeploymentPostprocessing = 0;
		};
/* End PBXSourcesBuildPhase section */

/* Begin PBXVariantGroup section */
		816F90561F1E334A0055D408 /* Main.storyboard */ = {
			isa = PBXVariantGroup;
			children = (
				816F90571F1E334A0055D408 /* Base */,
			);
			name = Main.storyboard;
			sourceTree = "<group>";
		};
		816F905B1F1E334A0055D408 /* LaunchScreen.storyboard */ = {
			isa = PBXVariantGroup;
			children = (
				816F905C1F1E334A0055D408 /* Base */,
			);
			name = LaunchScreen.storyboard;
			sourceTree = "<group>";
		};
/* End PBXVariantGroup section */

/* Begin XCBuildConfiguration section */
		816F905F1F1E334A0055D408 /* Debug */ = {
			isa = XCBuildConfiguration;
			buildSettings = {
				ALWAYS_SEARCH_USER_PATHS = NO;
				CLANG_ANALYZER_NONNULL = YES;
				CLANG_CXX_LANGUAGE_STANDARD = "gnu++0x";
				CLANG_CXX_LIBRARY = "libc++";
				CLANG_ENABLE_MODULES = YES;
				CLANG_ENABLE_OBJC_ARC = YES;
				CLANG_WARN_BOOL_CONVERSION = YES;
				CLANG_WARN_CONSTANT_CONVERSION = YES;
				CLANG_WARN_DIRECT_OBJC_ISA_USAGE = YES_ERROR;
				CLANG_WARN_DOCUMENTATION_COMMENTS = YES;
				CLANG_WARN_EMPTY_BODY = YES;
				CLANG_WARN_ENUM_CONVERSION = YES;
				CLANG_WARN_INFINITE_RECURSION = YES;
				CLANG_WARN_INT_CONVERSION = YES;
				CLANG_WARN_OBJC_ROOT_CLASS = YES_ERROR;
				CLANG_WARN_SUSPICIOUS_MOVE = YES;
				CLANG_WARN_UNREACHABLE_CODE = YES;
				CLANG_WARN__DUPLICATE_METHOD_MATCH = YES;
				"CODE_SIGN_IDENTITY[sdk=iphoneos*]" = "iPhone Developer";
				COPY_PHASE_STRIP = NO;
				DEBUG_INFORMATION_FORMAT = dwarf;
				ENABLE_STRICT_OBJC_MSGSEND = YES;
				ENABLE_TESTABILITY = YES;
				GCC_C_LANGUAGE_STANDARD = gnu99;
				GCC_DYNAMIC_NO_PIC = NO;
				GCC_NO_COMMON_BLOCKS = YES;
				GCC_OPTIMIZATION_LEVEL = 0;
				GCC_PREPROCESSOR_DEFINITIONS = (
					"DEBUG=1",
					"$(inherited)",
				);
				GCC_WARN_64_TO_32_BIT_CONVERSION = YES;
				GCC_WARN_ABOUT_RETURN_TYPE = YES_ERROR;
				GCC_WARN_UNDECLARED_SELECTOR = YES;
				GCC_WARN_UNINITIALIZED_AUTOS = YES_AGGRESSIVE;
				GCC_WARN_UNUSED_FUNCTION = YES;
				GCC_WARN_UNUSED_VARIABLE = YES;
				IPHONEOS_DEPLOYMENT_TARGET = 10.2;
				MTL_ENABLE_DEBUG_INFO = YES;
				ONLY_ACTIVE_ARCH = YES;
				SDKROOT = iphoneos;
				SWIFT_ACTIVE_COMPILATION_CONDITIONS = DEBUG;
				SWIFT_OPTIMIZATION_LEVEL = "-Onone";
				TARGETED_DEVICE_FAMILY = "1,2";
			};
			name = Debug;
		};
		816F90601F1E334A0055D408 /* Release */ = {
			isa = XCBuildConfiguration;
			buildSettings = {
				ALWAYS_SEARCH_USER_PATHS = NO;
				CLANG_ANALYZER_NONNULL = YES;
				CLANG_CXX_LANGUAGE_STANDARD = "gnu++0x";
				CLANG_CXX_LIBRARY = "libc++";
				CLANG_ENABLE_MODULES = YES;
				CLANG_ENABLE_OBJC_ARC = YES;
				CLANG_WARN_BOOL_CONVERSION = YES;
				CLANG_WARN_CONSTANT_CONVERSION = YES;
				CLANG_WARN_DIRECT_OBJC_ISA_USAGE = YES_ERROR;
				CLANG_WARN_DOCUMENTATION_COMMENTS = YES;
				CLANG_WARN_EMPTY_BODY = YES;
				CLANG_WARN_ENUM_CONVERSION = YES;
				CLANG_WARN_INFINITE_RECURSION = YES;
				CLANG_WARN_INT_CONVERSION = YES;
				CLANG_WARN_OBJC_ROOT_CLASS = YES_ERROR;
				CLANG_WARN_SUSPICIOUS_MOVE = YES;
				CLANG_WARN_UNREACHABLE_CODE = YES;
				CLANG_WARN__DUPLICATE_METHOD_MATCH = YES;
				"CODE_SIGN_IDENTITY[sdk=iphoneos*]" = "iPhone Developer";
				COPY_PHASE_STRIP = NO;
				DEBUG_INFORMATION_FORMAT = "dwarf-with-dsym";
				ENABLE_NS_ASSERTIONS = NO;
				ENABLE_STRICT_OBJC_MSGSEND = YES;
				GCC_C_LANGUAGE_STANDARD = gnu99;
				GCC_NO_COMMON_BLOCKS = YES;
				GCC_WARN_64_TO_32_BIT_CONVERSION = YES;
				GCC_WARN_ABOUT_RETURN_TYPE = YES_ERROR;
				GCC_WARN_UNDECLARED_SELECTOR = YES;
				GCC_WARN_UNINITIALIZED_AUTOS = YES_AGGRESSIVE;
				GCC_WARN_UNUSED_FUNCTION = YES;
				GCC_WARN_UNUSED_VARIABLE = YES;
				IPHONEOS_DEPLOYMENT_TARGET = 10.2;
				MTL_ENABLE_DEBUG_INFO = NO;
				SDKROOT = iphoneos;
				SWIFT_OPTIMIZATION_LEVEL = "-Owholemodule";
				TARGETED_DEVICE_FAMILY = "1,2";
				VALIDATE_PRODUCT = YES;
			};
			name = Release;
		};
		816F90621F1E334A0055D408 /* Debug */ = {
			isa = XCBuildConfiguration;
			buildSettings = {
				ASSETCATALOG_COMPILER_APPICON_NAME = AppIcon;
				DEVELOPMENT_TEAM = 8Z3K9T9U74;
				INFOPLIST_FILE = "DropDown-Chtar/Info.plist";
				LD_RUNPATH_SEARCH_PATHS = "$(inherited) @executable_path/Frameworks";
				PRODUCT_BUNDLE_IDENTIFIER = "Chtar.DropDown-Chtar";
				PRODUCT_NAME = "$(TARGET_NAME)";
				SWIFT_VERSION = 3.0;
			};
			name = Debug;
		};
		816F90631F1E334A0055D408 /* Release */ = {
			isa = XCBuildConfiguration;
			buildSettings = {
				ASSETCATALOG_COMPILER_APPICON_NAME = AppIcon;
				DEVELOPMENT_TEAM = 8Z3K9T9U74;
				INFOPLIST_FILE = "DropDown-Chtar/Info.plist";
				LD_RUNPATH_SEARCH_PATHS = "$(inherited) @executable_path/Frameworks";
				PRODUCT_BUNDLE_IDENTIFIER = "Chtar.DropDown-Chtar";
				PRODUCT_NAME = "$(TARGET_NAME)";
				SWIFT_VERSION = 3.0;
			};
			name = Release;
		};
/* End XCBuildConfiguration section */

/* Begin XCConfigurationList section */
		816F904A1F1E334A0055D408 /* Build configuration list for PBXProject "DropDown-Chtar" */ = {
			isa = XCConfigurationList;
			buildConfigurations = (
				816F905F1F1E334A0055D408 /* Debug */,
				816F90601F1E334A0055D408 /* Release */,
			);
			defaultConfigurationIsVisible = 0;
			defaultConfigurationName = Release;
		};
		816F90611F1E334A0055D408 /* Build configuration list for PBXNativeTarget "DropDown-Chtar" */ = {
			isa = XCConfigurationList;
			buildConfigurations = (
				816F90621F1E334A0055D408 /* Debug */,
				816F90631F1E334A0055D408 /* Release */,
			);
			defaultConfigurationIsVisible = 0;
		};
/* End XCConfigurationList section */
	};
	rootObject = 816F90471F1E334A0055D408 /* Project object */;
}
